
Microsoft Visual Studio Solution File, Format Version 12.00
# Visual Studio Version 17
VisualStudioVersion = 17.14.36623.8 d17.14
MinimumVisualStudioVersion = 10.0.40219.1
Project("{FAE04EC0-301F-11D3-BF4B-00C04F79EFBC}") = "GIT_HM", "GIT_HM\GIT_HM.csproj", "{AE9B460B-D1BA-4966-BD58-E9D7F3A4D616}"
EndProject
Global
	GlobalSection(SolutionConfigurationPlatforms) = preSolution
		Debug|Any CPU = Debug|Any CPU
		Release|Any CPU = Release|Any CPU
	EndGlobalSection
	GlobalSection(ProjectConfigurationPlatforms) = postSolution
		{AE9B460B-D1BA-4966-BD58-E9D7F3A4D616}.Debug|Any CPU.ActiveCfg = Debug|Any CPU
		{AE9B460B-D1BA-4966-BD58-E9D7F3A4D616}.Debug|Any CPU.Build.0 = Debug|Any CPU
		{AE9B460B-D1BA-4966-BD58-E9D7F3A4D616}.Release|Any CPU.ActiveCfg = Release|Any CPU
		{AE9B460B-D1BA-4966-BD58-E9D7F3A4D616}.Release|Any CPU.Build.0 = Release|Any CPU
	EndGlobalSection
	GlobalSection(SolutionProperties) = preSolution
		HideSolutionNode = FALSE
	EndGlobalSection
	GlobalSection(ExtensibilityGlobals) = postSolution
		SolutionGuid = {AB61E3C0-AF0D-43C9-9005-AB153715CCA3}
	EndGlobalSection
EndGlobal
